
Microsoft Visual Studio Solution File, Format Version 12.00
Project("{FAE04EC0-301F-11D3-BF4B-00C04F79EFBC}") = "GrpcDotNetNamedPipes", "GrpcDotNetNamedPipes\GrpcDotNetNamedPipes.csproj", "{5BB6ABD5-4B0C-4EB8-AE7A-6196107FA612}"
EndProject
Project("{FAE04EC0-301F-11D3-BF4B-00C04F79EFBC}") = "GrpcDotNetNamedPipes.Tests", "GrpcDotNetNamedPipes.Tests\GrpcDotNetNamedPipes.Tests.csproj", "{D7566E69-DA28-4997-9C4F-E0C0F8DD3F13}"
EndProject
Project("{FAE04EC0-301F-11D3-BF4B-00C04F79EFBC}") = "GrpcDotNetNamedPipes.PerfTests", "GrpcDotNetNamedPipes.PerfTests\GrpcDotNetNamedPipes.PerfTests.csproj", "{688ADBBA-FEDD-48C4-A05C-BB1E1BF8DB84}"
EndProject
Global
	GlobalSection(SolutionConfigurationPlatforms) = preSolution
		Debug|Any CPU = Debug|Any CPU
		Release|Any CPU = Release|Any CPU
	EndGlobalSection
	GlobalSection(ProjectConfigurationPlatforms) = postSolution
		{5BB6ABD5-4B0C-4EB8-AE7A-6196107FA612}.Debug|Any CPU.ActiveCfg = Debug|Any CPU
		{5BB6ABD5-4B0C-4EB8-AE7A-6196107FA612}.Debug|Any CPU.Build.0 = Debug|Any CPU
		{5BB6ABD5-4B0C-4EB8-AE7A-6196107FA612}.Release|Any CPU.ActiveCfg = Release|Any CPU
		{5BB6ABD5-4B0C-4EB8-AE7A-6196107FA612}.Release|Any CPU.Build.0 = Release|Any CPU
		{D7566E69-DA28-4997-9C4F-E0C0F8DD3F13}.Debug|Any CPU.ActiveCfg = Debug|Any CPU
		{D7566E69-DA28-4997-9C4F-E0C0F8DD3F13}.Debug|Any CPU.Build.0 = Debug|Any CPU
		{D7566E69-DA28-4997-9C4F-E0C0F8DD3F13}.Release|Any CPU.ActiveCfg = Release|Any CPU
		{D7566E69-DA28-4997-9C4F-E0C0F8DD3F13}.Release|Any CPU.Build.0 = Release|Any CPU
		{688ADBBA-FEDD-48C4-A05C-BB1E1BF8DB84}.Debug|Any CPU.ActiveCfg = Debug|Any CPU
		{688ADBBA-FEDD-48C4-A05C-BB1E1BF8DB84}.Debug|Any CPU.Build.0 = Debug|Any CPU
		{688ADBBA-FEDD-48C4-A05C-BB1E1BF8DB84}.Release|Any CPU.ActiveCfg = Release|Any CPU
		{688ADBBA-FEDD-48C4-A05C-BB1E1BF8DB84}.Release|Any CPU.Build.0 = Release|Any CPU
	EndGlobalSection
EndGlobal
